
Microsoft Visual Studio Solution File, Format Version 12.00
# Visual Studio Version 17
VisualStudioVersion = 17.6.33829.357
MinimumVisualStudioVersion = 10.0.40219.1
Project("{FAE04EC0-301F-11D3-BF4B-00C04F79EFBC}") = "Threading DivideAndConquerExamplePart2", "Threading DivideAndConquerExamplePart2\Threading DivideAndConquerExamplePart2.csproj", "{9CCCE236-0736-4420-BE6A-9DD64B7F3A65}"
EndProject
Global
	GlobalSection(SolutionConfigurationPlatforms) = preSolution
		Debug|Any CPU = Debug|Any CPU
		Release|Any CPU = Release|Any CPU
	EndGlobalSection
	GlobalSection(ProjectConfigurationPlatforms) = postSolution
		{9CCCE236-0736-4420-BE6A-9DD64B7F3A65}.Debug|Any CPU.ActiveCfg = Debug|Any CPU
		{9CCCE236-0736-4420-BE6A-9DD64B7F3A65}.Debug|Any CPU.Build.0 = Debug|Any CPU
		{9CCCE236-0736-4420-BE6A-9DD64B7F3A65}.Release|Any CPU.ActiveCfg = Release|Any CPU
		{9CCCE236-0736-4420-BE6A-9DD64B7F3A65}.Release|Any CPU.Build.0 = Release|Any CPU
	EndGlobalSection
	GlobalSection(SolutionProperties) = preSolution
		HideSolutionNode = FALSE
	EndGlobalSection
	GlobalSection(ExtensibilityGlobals) = postSolution
		SolutionGuid = {0C22F670-FBCB-464C-A4FC-DF13FA6A2C7D}
	EndGlobalSection
EndGlobal
